
Microsoft Visual Studio Solution File, Format Version 12.00
# Visual Studio Version 17
VisualStudioVersion = 17.5.002.0
MinimumVisualStudioVersion = 10.0.40219.1
Project("{2150E333-8FDC-42A3-9474-1A3956D46DE8}") = "csharp-prep", "csharp-prep", "{54C916FE-CE4E-4D07-B7EE-F3D771FA8A61}"
EndProject
Project("{9A19103F-16F7-4668-BE54-9A1E7A4F7556}") = "Prep1", "csharp-prep\Prep1\Prep1.csproj", "{CBA3CA7C-2D0D-4657-8821-DA2533A59974}"
EndProject
Project("{9A19103F-16F7-4668-BE54-9A1E7A4F7556}") = "Prep2", "csharp-prep\Prep2\Prep2.csproj", "{F624D3C0-7A4F-460F-8E13-9774D66D3CD9}"
EndProject
Project("{9A19103F-16F7-4668-BE54-9A1E7A4F7556}") = "Prep3", "csharp-prep\Prep3\Prep3.csproj", "{36563980-08C4-4DFE-B117-2546B07D4A96}"
EndProject
Project("{9A19103F-16F7-4668-BE54-9A1E7A4F7556}") = "Prep4", "csharp-prep\Prep4\Prep4.csproj", "{D63F5AE3-0BF6-4F8E-B936-08DCF5BA7481}"
EndProject
Project("{9A19103F-16F7-4668-BE54-9A1E7A4F7556}") = "Prep5", "csharp-prep\Prep5\Prep5.csproj", "{973AE714-1C2B-403D-9F1E-A09AD2F8B947}"
EndProject
Project("{2150E333-8FDC-42A3-9474-1A3956D46DE8}") = "final", "final", "{8419E84E-741A-4BC9-8962-72CB8CA489A9}"
EndProject
Project("{9A19103F-16F7-4668-BE54-9A1E7A4F7556}") = "FinalProject", "final\FinalProject\FinalProject.csproj", "{00F0A3C1-B04C-429F-8853-62C2FEFECA5A}"
EndProject
Project("{9A19103F-16F7-4668-BE54-9A1E7A4F7556}") = "Foundation1", "final\Foundation1\Foundation1.csproj", "{80C9F22A-EA58-4C4B-85E9-C4B1C06F6B36}"
EndProject
Project("{9A19103F-16F7-4668-BE54-9A1E7A4F7556}") = "Foundation2", "final\Foundation2\Foundation2.csproj", "{5C02C9E2-7ED2-4DF2-BA84-132A43890A5B}"
EndProject
Project("{9A19103F-16F7-4668-BE54-9A1E7A4F7556}") = "Foundation3", "final\Foundation3\Foundation3.csproj", "{03659501-A41E-429A-868A-817231BB221A}"
EndProject
Project("{9A19103F-16F7-4668-BE54-9A1E7A4F7556}") = "Foundation4", "final\Foundation4\Foundation4.csproj", "{7B93A7B8-5B42-4395-A7A6-2EBBF6F28DB1}"
EndProject
Project("{2150E333-8FDC-42A3-9474-1A3956D46DE8}") = "prepare", "prepare", "{430AC700-1250-40E1-83C5-11A4FC17D09B}"
EndProject
Project("{9A19103F-16F7-4668-BE54-9A1E7A4F7556}") = "Learning02", "prepare\Learning02\Learning02.csproj", "{AF5B9518-7C48-4DB7-A3BE-048AF00C7F07}"
EndProject
Project("{9A19103F-16F7-4668-BE54-9A1E7A4F7556}") = "Learning03", "prepare\Learning03\Learning03.csproj", "{C019C471-337B-4A1F-86CA-42857B43AD35}"
EndProject
Project("{9A19103F-16F7-4668-BE54-9A1E7A4F7556}") = "Learning04", "prepare\Learning04\Learning04.csproj", "{04F38D88-1850-45F9-9B5D-D5BE2BFACD87}"
EndProject
Project("{9A19103F-16F7-4668-BE54-9A1E7A4F7556}") = "Learning05", "prepare\Learning05\Learning05.csproj", "{0924FE71-DA02-4C8A-B6BC-7A6E053C6A93}"
EndProject
Project("{2150E333-8FDC-42A3-9474-1A3956D46DE8}") = "prove", "prove", "{CE8340D8-7C02-4A50-964D-9982D3A6A185}"
EndProject
Project("{9A19103F-16F7-4668-BE54-9A1E7A4F7556}") = "Develop02", "prove\Develop02\Develop02.csproj", "{1CC6BB34-28B7-4326-B634-1C3840A30317}"
EndProject
Project("{9A19103F-16F7-4668-BE54-9A1E7A4F7556}") = "Develop03", "prove\Develop03\Develop03.csproj", "{B98E6E2B-4A0D-48B7-977B-DA456BAC2152}"
EndProject
Project("{9A19103F-16F7-4668-BE54-9A1E7A4F7556}") = "Develop04", "prove\Develop04\Develop04.csproj", "{99B3B680-4E89-493D-9C8E-15738054FEA2}"
EndProject
Project("{9A19103F-16F7-4668-BE54-9A1E7A4F7556}") = "Develop05", "prove\Develop05\Develop05.csproj", "{298D95C2-4E2A-47A3-B31C-D2039CC5BD53}"
EndProject
Project("{2150E333-8FDC-42A3-9474-1A3956D46DE8}") = "sandbox", "sandbox", "{C1308F7C-4752-47D9-958B-68BC6CC5303C}"
EndProject
Project("{9A19103F-16F7-4668-BE54-9A1E7A4F7556}") = "Sandbox", "sandbox\Sandbox\Sandbox.csproj", "{72282BDB-AD6A-49B3-B122-DAFEE0388E35}"
EndProject
Global
	GlobalSection(SolutionConfigurationPlatforms) = preSolution
		Debug|Any CPU = Debug|Any CPU
		Release|Any CPU = Release|Any CPU
	EndGlobalSection
	GlobalSection(ProjectConfigurationPlatforms) = postSolution
		{CBA3CA7C-2D0D-4657-8821-DA2533A59974}.Debug|Any CPU.ActiveCfg = Debug|Any CPU
		{CBA3CA7C-2D0D-4657-8821-DA2533A59974}.Debug|Any CPU.Build.0 = Debug|Any CPU
		{CBA3CA7C-2D0D-4657-8821-DA2533A59974}.Release|Any CPU.ActiveCfg = Release|Any CPU
		{CBA3CA7C-2D0D-4657-8821-DA2533A59974}.Release|Any CPU.Build.0 = Release|Any CPU
		{F624D3C0-7A4F-460F-8E13-9774D66D3CD9}.Debug|Any CPU.ActiveCfg = Debug|Any CPU
		{F624D3C0-7A4F-460F-8E13-9774D66D3CD9}.Debug|Any CPU.Build.0 = Debug|Any CPU
		{F624D3C0-7A4F-460F-8E13-9774D66D3CD9}.Release|Any CPU.ActiveCfg = Release|Any CPU
		{F624D3C0-7A4F-460F-8E13-9774D66D3CD9}.Release|Any CPU.Build.0 = Release|Any CPU
		{36563980-08C4-4DFE-B117-2546B07D4A96}.Debug|Any CPU.ActiveCfg = Debug|Any CPU
		{36563980-08C4-4DFE-B117-2546B07D4A96}.Debug|Any CPU.Build.0 = Debug|Any CPU
		{36563980-08C4-4DFE-B117-2546B07D4A96}.Release|Any CPU.ActiveCfg = Release|Any CPU
		{36563980-08C4-4DFE-B117-2546B07D4A96}.Release|Any CPU.Build.0 = Release|Any CPU
		{D63F5AE3-0BF6-4F8E-B936-08DCF5BA7481}.Debug|Any CPU.ActiveCfg = Debug|Any CPU
		{D63F5AE3-0BF6-4F8E-B936-08DCF5BA7481}.Debug|Any CPU.Build.0 = Debug|Any CPU
		{D63F5AE3-0BF6-4F8E-B936-08DCF5BA7481}.Release|Any CPU.ActiveCfg = Release|Any CPU
		{D63F5AE3-0BF6-4F8E-B936-08DCF5BA7481}.Release|Any CPU.Build.0 = Release|Any CPU
		{973AE714-1C2B-403D-9F1E-A09AD2F8B947}.Debug|Any CPU.ActiveCfg = Debug|Any CPU
		{973AE714-1C2B-403D-9F1E-A09AD2F8B947}.Debug|Any CPU.Build.0 = Debug|Any CPU
		{973AE714-1C2B-403D-9F1E-A09AD2F8B947}.Release|Any CPU.ActiveCfg = Release|Any CPU
		{973AE714-1C2B-403D-9F1E-A09AD2F8B947}.Release|Any CPU.Build.0 = Release|Any CPU
		{00F0A3C1-B04C-429F-8853-62C2FEFECA5A}.Debug|Any CPU.ActiveCfg = Debug|Any CPU
		{00F0A3C1-B04C-429F-8853-62C2FEFECA5A}.Debug|Any CPU.Build.0 = Debug|Any CPU
		{00F0A3C1-B04C-429F-8853-62C2FEFECA5A}.Release|Any CPU.ActiveCfg = Release|Any CPU
		{00F0A3C1-B04C-429F-8853-62C2FEFECA5A}.Release|Any CPU.Build.0 = Release|Any CPU
		{80C9F22A-EA58-4C4B-85E9-C4B1C06F6B36}.Debug|Any CPU.ActiveCfg = Debug|Any CPU
		{80C9F22A-EA58-4C4B-85E9-C4B1C06F6B36}.Debug|Any CPU.Build.0 = Debug|Any CPU
		{80C9F22A-EA58-4C4B-85E9-C4B1C06F6B36}.Release|Any CPU.ActiveCfg = Release|Any CPU
		{80C9F22A-EA58-4C4B-85E9-C4B1C06F6B36}.Release|Any CPU.Build.0 = Release|Any CPU
		{5C02C9E2-7ED2-4DF2-BA84-132A43890A5B}.Debug|Any CPU.ActiveCfg = Debug|Any CPU
		{5C02C9E2-7ED2-4DF2-BA84-132A43890A5B}.Debug|Any CPU.Build.0 = Debug|Any CPU
		{5C02C9E2-7ED2-4DF2-BA84-132A43890A5B}.Release|Any CPU.ActiveCfg = Release|Any CPU
		{5C02C9E2-7ED2-4DF2-BA84-132A43890A5B}.Release|Any CPU.Build.0 = Release|Any CPU
		{03659501-A41E-429A-868A-817231BB221A}.Debug|Any CPU.ActiveCfg = Debug|Any CPU
		{03659501-A41E-429A-868A-817231BB221A}.Debug|Any CPU.Build.0 = Debug|Any CPU
		{03659501-A41E-429A-868A-817231BB221A}.Release|Any CPU.ActiveCfg = Release|Any CPU
		{03659501-A41E-429A-868A-817231BB221A}.Release|Any CPU.Build.0 = Release|Any CPU
		{7B93A7B8-5B42-4395-A7A6-2EBBF6F28DB1}.Debug|Any CPU.ActiveCfg = Debug|Any CPU
		{7B93A7B8-5B42-4395-A7A6-2EBBF6F28DB1}.Debug|Any CPU.Build.0 = Debug|Any CPU
		{7B93A7B8-5B42-4395-A7A6-2EBBF6F28DB1}.Release|Any CPU.ActiveCfg = Release|Any CPU
		{7B93A7B8-5B42-4395-A7A6-2EBBF6F28DB1}.Release|Any CPU.Build.0 = Release|Any CPU
		{AF5B9518-7C48-4DB7-A3BE-048AF00C7F07}.Debug|Any CPU.ActiveCfg = Debug|Any CPU
		{AF5B9518-7C48-4DB7-A3BE-048AF00C7F07}.Debug|Any CPU.Build.0 = Debug|Any CPU
		{AF5B9518-7C48-4DB7-A3BE-048AF00C7F07}.Release|Any CPU.ActiveCfg = Release|Any CPU
		{AF5B9518-7C48-4DB7-A3BE-048AF00C7F07}.Release|Any CPU.Build.0 = Release|Any CPU
		{C019C471-337B-4A1F-86CA-42857B43AD35}.Debug|Any CPU.ActiveCfg = Debug|Any CPU
		{C019C471-337B-4A1F-86CA-42857B43AD35}.Debug|Any CPU.Build.0 = Debug|Any CPU
		{C019C471-337B-4A1F-86CA-42857B43AD35}.Release|Any CPU.ActiveCfg = Release|Any CPU
		{C019C471-337B-4A1F-86CA-42857B43AD35}.Release|Any CPU.Build.0 = Release|Any CPU
		{04F38D88-1850-45F9-9B5D-D5BE2BFACD87}.Debug|Any CPU.ActiveCfg = Debug|Any CPU
		{04F38D88-1850-45F9-9B5D-D5BE2BFACD87}.Debug|Any CPU.Build.0 = Debug|Any CPU
		{04F38D88-1850-45F9-9B5D-D5BE2BFACD87}.Release|Any CPU.ActiveCfg = Release|Any CPU
		{04F38D88-1850-45F9-9B5D-D5BE2BFACD87}.Release|Any CPU.Build.0 = Release|Any CPU
		{0924FE71-DA02-4C8A-B6BC-7A6E053C6A93}.Debug|Any CPU.ActiveCfg = Debug|Any CPU
		{0924FE71-DA02-4C8A-B6BC-7A6E053C6A93}.Debug|Any CPU.Build.0 = Debug|Any CPU
		{0924FE71-DA02-4C8A-B6BC-7A6E053C6A93}.Release|Any CPU.ActiveCfg = Release|Any CPU
		{0924FE71-DA02-4C8A-B6BC-7A6E053C6A93}.Release|Any CPU.Build.0 = Release|Any CPU
		{1CC6BB34-28B7-4326-B634-1C3840A30317}.Debug|Any CPU.ActiveCfg = Debug|Any CPU
		{1CC6BB34-28B7-4326-B634-1C3840A30317}.Debug|Any CPU.Build.0 = Debug|Any CPU
		{1CC6BB34-28B7-4326-B634-1C3840A30317}.Release|Any CPU.ActiveCfg = Release|Any CPU
		{1CC6BB34-28B7-4326-B634-1C3840A30317}.Release|Any CPU.Build.0 = Release|Any CPU
		{B98E6E2B-4A0D-48B7-977B-DA456BAC2152}.Debug|Any CPU.ActiveCfg = Debug|Any CPU
		{B98E6E2B-4A0D-48B7-977B-DA456BAC2152}.Debug|Any CPU.Build.0 = Debug|Any CPU
		{B98E6E2B-4A0D-48B7-977B-DA456BAC2152}.Release|Any CPU.ActiveCfg = Release|Any CPU
		{B98E6E2B-4A0D-48B7-977B-DA456BAC2152}.Release|Any CPU.Build.0 = Release|Any CPU
		{99B3B680-4E89-493D-9C8E-15738054FEA2}.Debug|Any CPU.ActiveCfg = Debug|Any CPU
		{99B3B680-4E89-493D-9C8E-15738054FEA2}.Debug|Any CPU.Build.0 = Debug|Any CPU
		{99B3B680-4E89-493D-9C8E-15738054FEA2}.Release|Any CPU.ActiveCfg = Release|Any CPU
		{99B3B680-4E89-493D-9C8E-15738054FEA2}.Release|Any CPU.Build.0 = Release|Any CPU
		{298D95C2-4E2A-47A3-B31C-D2039CC5BD53}.Debug|Any CPU.ActiveCfg = Debug|Any CPU
		{298D95C2-4E2A-47A3-B31C-D2039CC5BD53}.Debug|Any CPU.Build.0 = Debug|Any CPU
		{298D95C2-4E2A-47A3-B31C-D2039CC5BD53}.Release|Any CPU.ActiveCfg = Release|Any CPU
		{298D95C2-4E2A-47A3-B31C-D2039CC5BD53}.Release|Any CPU.Build.0 = Release|Any CPU
		{72282BDB-AD6A-49B3-B122-DAFEE0388E35}.Debug|Any CPU.ActiveCfg = Debug|Any CPU
		{72282BDB-AD6A-49B3-B122-DAFEE0388E35}.Debug|Any CPU.Build.0 = Debug|Any CPU
		{72282BDB-AD6A-49B3-B122-DAFEE0388E35}.Release|Any CPU.ActiveCfg = Release|Any CPU
		{72282BDB-AD6A-49B3-B122-DAFEE0388E35}.Release|Any CPU.Build.0 = Release|Any CPU
	EndGlobalSection
	GlobalSection(SolutionProperties) = preSolution
		HideSolutionNode = FALSE
	EndGlobalSection
	GlobalSection(NestedProjects) = preSolution
		{CBA3CA7C-2D0D-4657-8821-DA2533A59974} = {54C916FE-CE4E-4D07-B7EE-F3D771FA8A61}
		{F624D3C0-7A4F-460F-8E13-9774D66D3CD9} = {54C916FE-CE4E-4D07-B7EE-F3D771FA8A61}
		{36563980-08C4-4DFE-B117-2546B07D4A96} = {54C916FE-CE4E-4D07-B7EE-F3D771FA8A61}
		{D63F5AE3-0BF6-4F8E-B936-08DCF5BA7481} = {54C916FE-CE4E-4D07-B7EE-F3D771FA8A61}
		{973AE714-1C2B-403D-9F1E-A09AD2F8B947} = {54C916FE-CE4E-4D07-B7EE-F3D771FA8A61}
		{00F0A3C1-B04C-429F-8853-62C2FEFECA5A} = {8419E84E-741A-4BC9-8962-72CB8CA489A9}
		{80C9F22A-EA58-4C4B-85E9-C4B1C06F6B36} = {8419E84E-741A-4BC9-8962-72CB8CA489A9}
		{5C02C9E2-7ED2-4DF2-BA84-132A43890A5B} = {8419E84E-741A-4BC9-8962-72CB8CA489A9}
		{03659501-A41E-429A-868A-817231BB221A} = {8419E84E-741A-4BC9-8962-72CB8CA489A9}
		{7B93A7B8-5B42-4395-A7A6-2EBBF6F28DB1} = {8419E84E-741A-4BC9-8962-72CB8CA489A9}
		{AF5B9518-7C48-4DB7-A3BE-048AF00C7F07} = {430AC700-1250-40E1-83C5-11A4FC17D09B}
		{C019C471-337B-4A1F-86CA-42857B43AD35} = {430AC700-1250-40E1-83C5-11A4FC17D09B}
		{04F38D88-1850-45F9-9B5D-D5BE2BFACD87} = {430AC700-1250-40E1-83C5-11A4FC17D09B}
		{0924FE71-DA02-4C8A-B6BC-7A6E053C6A93} = {430AC700-1250-40E1-83C5-11A4FC17D09B}
		{1CC6BB34-28B7-4326-B634-1C3840A30317} = {CE8340D8-7C02-4A50-964D-9982D3A6A185}
		{B98E6E2B-4A0D-48B7-977B-DA456BAC2152} = {CE8340D8-7C02-4A50-964D-9982D3A6A185}
		{99B3B680-4E89-493D-9C8E-15738054FEA2} = {CE8340D8-7C02-4A50-964D-9982D3A6A185}
		{298D95C2-4E2A-47A3-B31C-D2039CC5BD53} = {CE8340D8-7C02-4A50-964D-9982D3A6A185}
		{72282BDB-AD6A-49B3-B122-DAFEE0388E35} = {C1308F7C-4752-47D9-958B-68BC6CC5303C}
	EndGlobalSection
	GlobalSection(ExtensibilityGlobals) = postSolution
		SolutionGuid = {FB76C0F1-82CE-484E-91C8-CA00796A372B}
	EndGlobalSection
EndGlobal
